
Microsoft Visual Studio Solution File, Format Version 12.00
# Visual Studio Version 16
VisualStudioVersion = 16.0.31205.134
MinimumVisualStudioVersion = 10.0.40219.1
Project("{FAE04EC0-301F-11D3-BF4B-00C04F79EFBC}") = "DataBase", "DataBase\DataBase.csproj", "{4DCBADB4-AEB6-4625-B6EA-310F1884BC86}"
EndProject
Project("{FAE04EC0-301F-11D3-BF4B-00C04F79EFBC}") = "Host", "Host\Host.csproj", "{CDD2F55C-8ABC-4657-9833-EEA77BCD2325}"
EndProject
Project("{FAE04EC0-301F-11D3-BF4B-00C04F79EFBC}") = "Client", "Client\Client.csproj", "{300E97D8-FB42-464A-AEBF-EA2B608501B3}"
EndProject
Global
	GlobalSection(SolutionConfigurationPlatforms) = preSolution
		Debug|Any CPU = Debug|Any CPU
		Release|Any CPU = Release|Any CPU
	EndGlobalSection
	GlobalSection(ProjectConfigurationPlatforms) = postSolution
		{4DCBADB4-AEB6-4625-B6EA-310F1884BC86}.Debug|Any CPU.ActiveCfg = Debug|Any CPU
		{4DCBADB4-AEB6-4625-B6EA-310F1884BC86}.Debug|Any CPU.Build.0 = Debug|Any CPU
		{4DCBADB4-AEB6-4625-B6EA-310F1884BC86}.Release|Any CPU.ActiveCfg = Release|Any CPU
		{4DCBADB4-AEB6-4625-B6EA-310F1884BC86}.Release|Any CPU.Build.0 = Release|Any CPU
		{CDD2F55C-8ABC-4657-9833-EEA77BCD2325}.Debug|Any CPU.ActiveCfg = Debug|Any CPU
		{CDD2F55C-8ABC-4657-9833-EEA77BCD2325}.Debug|Any CPU.Build.0 = Debug|Any CPU
		{CDD2F55C-8ABC-4657-9833-EEA77BCD2325}.Release|Any CPU.ActiveCfg = Release|Any CPU
		{CDD2F55C-8ABC-4657-9833-EEA77BCD2325}.Release|Any CPU.Build.0 = Release|Any CPU
		{300E97D8-FB42-464A-AEBF-EA2B608501B3}.Debug|Any CPU.ActiveCfg = Debug|Any CPU
		{300E97D8-FB42-464A-AEBF-EA2B608501B3}.Debug|Any CPU.Build.0 = Debug|Any CPU
		{300E97D8-FB42-464A-AEBF-EA2B608501B3}.Release|Any CPU.ActiveCfg = Release|Any CPU
		{300E97D8-FB42-464A-AEBF-EA2B608501B3}.Release|Any CPU.Build.0 = Release|Any CPU
	EndGlobalSection
	GlobalSection(SolutionProperties) = preSolution
		HideSolutionNode = FALSE
	EndGlobalSection
	GlobalSection(ExtensibilityGlobals) = postSolution
		SolutionGuid = {DBC4F960-00C4-4ABA-83D1-4A893BA3DED7}
	EndGlobalSection
EndGlobal
